PODS:
  - Alamofire (5.4.4)
  - SDWebImage (5.12.6):
    - SDWebImage/Core (= 5.12.6)
  - SDWebImage/Core (5.12.6)

DEPENDENCIES:
  - Alamofire (~> 5.4.3)
  - SDWebImage (~> 5.12.5)

SPEC REPOS:
  trunk:
    - Alamofire
    - SDWebImage

SPEC CHECKSUMS:
  Alamofire: f3b09a368f1582ab751b3fff5460276e0d2cf5c9
  SDWebImage: a47aea9e3d8816015db4e523daff50cfd294499d

PODFILE CHECKSUM: 2332c7a257edc6e53114689697a7bda1d4ae9950

COCOAPODS: 1.11.3
