// !$*UTF8*$!
{
	archiveVersion = 1;
	classes = {
	};
	objectVersion = 51;
	objects = {

/* Begin PBXBuildFile section */
		730274C7286D5FFB003961CE /* NewsListTableViewCell.swift in Sources */ = {isa = PBXBuildFile; fileRef = 730274C5286D5FFB003961CE /* NewsListTableViewCell.swift */; };
		730274C8286D5FFB003961CE /* NewsListTableViewCell.xib in Resources */ = {isa = PBXBuildFile; fileRef = 730274C6286D5FFB003961CE /* NewsListTableViewCell.xib */; };
		7340C80228584570008CC1B4 /* AppDelegate.swift in Sources */ = {isa = PBXBuildFile; fileRef = 7340C80128584570008CC1B4 /* AppDelegate.swift */; };
		7340C80428584570008CC1B4 /* SceneDelegate.swift in Sources */ = {isa = PBXBuildFile; fileRef = 7340C80328584570008CC1B4 /* SceneDelegate.swift */; };
		7340C80628584570008CC1B4 /* IntroViewController.swift in Sources */ = {isa = PBXBuildFile; fileRef = 7340C80528584570008CC1B4 /* IntroViewController.swift */; };
		7340C80928584570008CC1B4 /* Main.storyboard in Resources */ = {isa = PBXBuildFile; fileRef = 7340C80728584570008CC1B4 /* Main.storyboard */; };
		7340C80B28584571008CC1B4 /* Assets.xcassets in Resources */ = {isa = PBXBuildFile; fileRef = 7340C80A28584571008CC1B4 /* Assets.xcassets */; };
		7340C80E28584571008CC1B4 /* LaunchScreen.storyboard in Resources */ = {isa = PBXBuildFile; fileRef = 7340C80C28584571008CC1B4 /* LaunchScreen.storyboard */; };
		7340C81928584571008CC1B4 /* HealthyTrackerTests.swift in Sources */ = {isa = PBXBuildFile; fileRef = 7340C81828584571008CC1B4 /* HealthyTrackerTests.swift */; };
		7340C82428584571008CC1B4 /* HealthyTrackerUITests.swift in Sources */ = {isa = PBXBuildFile; fileRef = 7340C82328584571008CC1B4 /* HealthyTrackerUITests.swift */; };
		735D2EB3286EB34500D200DE /* NewsModel.swift in Sources */ = {isa = PBXBuildFile; fileRef = 735D2EB2286EB34500D200DE /* NewsModel.swift */; };
		735D2EB5286EB53600D200DE /* NewsListModel.swift in Sources */ = {isa = PBXBuildFile; fileRef = 735D2EB4286EB53600D200DE /* NewsListModel.swift */; };
		735E8EBC2866B08C002820D2 /* NewsFeedTableViewCell.swift in Sources */ = {isa = PBXBuildFile; fileRef = 735E8EBA2866B08C002820D2 /* NewsFeedTableViewCell.swift */; };
		735E8EBD2866B08C002820D2 /* NewsFeedTableViewCell.xib in Resources */ = {isa = PBXBuildFile; fileRef = 735E8EBB2866B08C002820D2 /* NewsFeedTableViewCell.xib */; };
		735E8EC32866BDE2002820D2 /* NewsDetailCollectionViewCell.swift in Sources */ = {isa = PBXBuildFile; fileRef = 735E8EC12866BDE2002820D2 /* NewsDetailCollectionViewCell.swift */; };
		735E8EC42866BDE2002820D2 /* NewsDetailCollectionViewCell.xib in Resources */ = {isa = PBXBuildFile; fileRef = 735E8EC22866BDE2002820D2 /* NewsDetailCollectionViewCell.xib */; };
		736075B9286BF3A100F4AD17 /* ArticleModel.swift in Sources */ = {isa = PBXBuildFile; fileRef = 736075B8286BF3A100F4AD17 /* ArticleModel.swift */; };
		736075BB286BF41500F4AD17 /* PromotionModel.swift in Sources */ = {isa = PBXBuildFile; fileRef = 736075BA286BF41500F4AD17 /* PromotionModel.swift */; };
		736075BD286BF42B00F4AD17 /* DoctorModel.swift in Sources */ = {isa = PBXBuildFile; fileRef = 736075BC286BF42B00F4AD17 /* DoctorModel.swift */; };
		736075BF286BF45E00F4AD17 /* PatientNewsFeedModel.swift in Sources */ = {isa = PBXBuildFile; fileRef = 736075BE286BF45E00F4AD17 /* PatientNewsFeedModel.swift */; };
		736075C1286C0AE000F4AD17 /* Utilities.swift in Sources */ = {isa = PBXBuildFile; fileRef = 736075C0286C0AE000F4AD17 /* Utilities.swift */; };
		736075C3286C113300F4AD17 /* NSMutableAttributedString+Extensions.swift.swift in Sources */ = {isa = PBXBuildFile; fileRef = 736075C2286C113300F4AD17 /* NSMutableAttributedString+Extensions.swift.swift */; };
		7361EC4C2860515A0071E6BF /* UIView+Extensions.swift in Sources */ = {isa = PBXBuildFile; fileRef = 7361EC4B2860515A0071E6BF /* UIView+Extensions.swift */; };
		7361EC4E286061060071E6BF /* OTPVerifyViewController.swift in Sources */ = {isa = PBXBuildFile; fileRef = 7361EC4D286061060071E6BF /* OTPVerifyViewController.swift */; };
		7361EC502860709F0071E6BF /* UILabel+Extension.swift in Sources */ = {isa = PBXBuildFile; fileRef = 7361EC4F2860709F0071E6BF /* UILabel+Extension.swift */; };
		7366365C286A98BA003D0805 /* APIUtilities.swift in Sources */ = {isa = PBXBuildFile; fileRef = 7366365B286A98BA003D0805 /* APIUtilities.swift */; };
		73663665286AACC7003D0805 /* DoctorDetailCollectionViewCell.swift in Sources */ = {isa = PBXBuildFile; fileRef = 73663663286AACC7003D0805 /* DoctorDetailCollectionViewCell.swift */; };
		73663666286AACC7003D0805 /* DoctorDetailCollectionViewCell.xib in Resources */ = {isa = PBXBuildFile; fileRef = 73663664286AACC7003D0805 /* DoctorDetailCollectionViewCell.xib */; };
		7366366A286AC119003D0805 /* SuggestDoctorTableViewCell.swift in Sources */ = {isa = PBXBuildFile; fileRef = 73663668286AC119003D0805 /* SuggestDoctorTableViewCell.swift */; };
		7366366B286AC119003D0805 /* SuggestDoctorTableViewCell.xib in Resources */ = {isa = PBXBuildFile; fileRef = 73663669286AC119003D0805 /* SuggestDoctorTableViewCell.xib */; };
		7366E21C286FE16500C07CBC /* DoctorListTableViewCell.swift in Sources */ = {isa = PBXBuildFile; fileRef = 7366E21A286FE16500C07CBC /* DoctorListTableViewCell.swift */; };
		7366E21D286FE16500C07CBC /* DoctorListTableViewCell.xib in Resources */ = {isa = PBXBuildFile; fileRef = 7366E21B286FE16500C07CBC /* DoctorListTableViewCell.xib */; };
		7366E21F286FE7A400C07CBC /* DoctorListModel.swift in Sources */ = {isa = PBXBuildFile; fileRef = 7366E21E286FE7A400C07CBC /* DoctorListModel.swift */; };
		7366E221286FF03600C07CBC /* DetailsViewController.swift in Sources */ = {isa = PBXBuildFile; fileRef = 7366E220286FF03600C07CBC /* DetailsViewController.swift */; };
		7367AED52862B429004A6F89 /* UIViewController+Extensions.swift in Sources */ = {isa = PBXBuildFile; fileRef = 7367AED42862B429004A6F89 /* UIViewController+Extensions.swift */; };
		7367AEDC2862BCEF004A6F89 /* OTPStackView.swift in Sources */ = {isa = PBXBuildFile; fileRef = 7367AEDB2862BCEF004A6F89 /* OTPStackView.swift */; };
		7368E019285C264400B0C3CA /* NunitoSans-Regular.ttf in Resources */ = {isa = PBXBuildFile; fileRef = 7368DFFE285C264400B0C3CA /* NunitoSans-Regular.ttf */; };
		7368E01A285C264400B0C3CA /* NunitoSans-Regular.ttf in Resources */ = {isa = PBXBuildFile; fileRef = 7368DFFE285C264400B0C3CA /* NunitoSans-Regular.ttf */; };
		7368E01B285C264400B0C3CA /* NunitoSans-Regular.ttf in Resources */ = {isa = PBXBuildFile; fileRef = 7368DFFE285C264400B0C3CA /* NunitoSans-Regular.ttf */; };
		7368E025285C264400B0C3CA /* NunitoSans-Bold.ttf in Resources */ = {isa = PBXBuildFile; fileRef = 7368E002285C264400B0C3CA /* NunitoSans-Bold.ttf */; };
		7368E026285C264400B0C3CA /* NunitoSans-Bold.ttf in Resources */ = {isa = PBXBuildFile; fileRef = 7368E002285C264400B0C3CA /* NunitoSans-Bold.ttf */; };
		7368E027285C264400B0C3CA /* NunitoSans-Bold.ttf in Resources */ = {isa = PBXBuildFile; fileRef = 7368E002285C264400B0C3CA /* NunitoSans-Bold.ttf */; };
		7368E036285C314900B0C3CA /* Constants.swift in Sources */ = {isa = PBXBuildFile; fileRef = 7368E035285C314900B0C3CA /* Constants.swift */; };
		7368E037285C314900B0C3CA /* Constants.swift in Sources */ = {isa = PBXBuildFile; fileRef = 7368E035285C314900B0C3CA /* Constants.swift */; };
		7368E038285C314900B0C3CA /* Constants.swift in Sources */ = {isa = PBXBuildFile; fileRef = 7368E035285C314900B0C3CA /* Constants.swift */; };
		7368E03B285C31E400B0C3CA /* IntroModel.swift in Sources */ = {isa = PBXBuildFile; fileRef = 7368E03A285C31E400B0C3CA /* IntroModel.swift */; };
		7368E03C285C31E400B0C3CA /* IntroModel.swift in Sources */ = {isa = PBXBuildFile; fileRef = 7368E03A285C31E400B0C3CA /* IntroModel.swift */; };
		7368E03D285C31E400B0C3CA /* IntroModel.swift in Sources */ = {isa = PBXBuildFile; fileRef = 7368E03A285C31E400B0C3CA /* IntroModel.swift */; };
		7368E046285C36B900B0C3CA /* LoginViewController.swift in Sources */ = {isa = PBXBuildFile; fileRef = 7368E045285C36B900B0C3CA /* LoginViewController.swift */; };
		7368E047285C36B900B0C3CA /* LoginViewController.swift in Sources */ = {isa = PBXBuildFile; fileRef = 7368E045285C36B900B0C3CA /* LoginViewController.swift */; };
		7368E048285C36B900B0C3CA /* LoginViewController.swift in Sources */ = {isa = PBXBuildFile; fileRef = 7368E045285C36B900B0C3CA /* LoginViewController.swift */; };
		7368E04B285C389B00B0C3CA /* UIColor+Extensions.swift in Sources */ = {isa = PBXBuildFile; fileRef = 7368E04A285C389B00B0C3CA /* UIColor+Extensions.swift */; };
		7368E04C285C389B00B0C3CA /* UIColor+Extensions.swift in Sources */ = {isa = PBXBuildFile; fileRef = 7368E04A285C389B00B0C3CA /* UIColor+Extensions.swift */; };
		7368E04D285C389B00B0C3CA /* UIColor+Extensions.swift in Sources */ = {isa = PBXBuildFile; fileRef = 7368E04A285C389B00B0C3CA /* UIColor+Extensions.swift */; };
		737DDD48285AE5C900200AC1 /* SlideCollectionViewCell.swift in Sources */ = {isa = PBXBuildFile; fileRef = 737DDD46285AE5C900200AC1 /* SlideCollectionViewCell.swift */; };
		737DDD49285AE5C900200AC1 /* SlideCollectionViewCell.xib in Resources */ = {isa = PBXBuildFile; fileRef = 737DDD47285AE5C900200AC1 /* SlideCollectionViewCell.xib */; };
		737ED2A1286E93B40047CFDD /* PromotionListModel.swift in Sources */ = {isa = PBXBuildFile; fileRef = 737ED2A0286E93B40047CFDD /* PromotionListModel.swift */; };
		737ED2A4286EAE4D0047CFDD /* FirstNewsListTableViewCell.swift in Sources */ = {isa = PBXBuildFile; fileRef = 737ED2A2286EAE4D0047CFDD /* FirstNewsListTableViewCell.swift */; };
		737ED2A5286EAE4D0047CFDD /* FirstNewsListTableViewCell.xib in Resources */ = {isa = PBXBuildFile; fileRef = 737ED2A3286EAE4D0047CFDD /* FirstNewsListTableViewCell.xib */; };
		737FAA0E28656CEB00170501 /* String+Extensions.swift in Sources */ = {isa = PBXBuildFile; fileRef = 737FAA0D28656CEB00170501 /* String+Extensions.swift */; };
		737FAA1028656D1E00170501 /* UIButton+Extentions.swift in Sources */ = {isa = PBXBuildFile; fileRef = 737FAA0F28656D1E00170501 /* UIButton+Extentions.swift */; };
		7385D1FA286D416000391DE1 /* NewsListViewController.swift in Sources */ = {isa = PBXBuildFile; fileRef = 7385D1F9286D416000391DE1 /* NewsListViewController.swift */; };
		7385D1FC286D417700391DE1 /* PromotionListViewController.swift in Sources */ = {isa = PBXBuildFile; fileRef = 7385D1FB286D417700391DE1 /* PromotionListViewController.swift */; };
		7385D1FE286D421A00391DE1 /* DoctorListViewController.swift in Sources */ = {isa = PBXBuildFile; fileRef = 7385D1FD286D421A00391DE1 /* DoctorListViewController.swift */; };
		7385D200286D552100391DE1 /* UIImage+Extensions.swift in Sources */ = {isa = PBXBuildFile; fileRef = 7385D1FF286D552100391DE1 /* UIImage+Extensions.swift */; };
		73934A2728641F71005F972D /* HomeViewController.swift in Sources */ = {isa = PBXBuildFile; fileRef = 73934A2628641F71005F972D /* HomeViewController.swift */; };
		8C5F1323DF6D9E9431345457 /* Pods_HealthyTracker.framework in Frameworks */ = {isa = PBXBuildFile; fileRef = EB8885906C7A1F3EC5611B2C /* Pods_HealthyTracker.framework */; };
/* End PBXBuildFile section */

/* Begin PBXContainerItemProxy section */
		7340C81528584571008CC1B4 /* PBXContainerItemProxy */ = {
			isa = PBXContainerItemProxy;
			containerPortal = 7340C7F628584570008CC1B4 /* Project object */;
			proxyType = 1;
			remoteGlobalIDString = 7340C7FD28584570008CC1B4;
			remoteInfo = HealthyTracker;
		};
		7340C82028584571008CC1B4 /* PBXContainerItemProxy */ = {
			isa = PBXContainerItemProxy;
			containerPortal = 7340C7F628584570008CC1B4 /* Project object */;
			proxyType = 1;
			remoteGlobalIDString = 7340C7FD28584570008CC1B4;
			remoteInfo = HealthyTracker;
		};
/* End PBXContainerItemProxy section */

/* Begin PBXFileReference section */
		69387EBB3ED9D4FC16B7B2F4 /* Pods-HealthyTracker.release.xcconfig */ = {isa = PBXFileReference; includeInIndex = 1; lastKnownFileType = text.xcconfig; name = "Pods-HealthyTracker.release.xcconfig"; path = "Target Support Files/Pods-HealthyTracker/Pods-HealthyTracker.release.xcconfig"; sourceTree = "<group>"; };
		730274C5286D5FFB003961CE /* NewsListTableViewCell.swift */ = {isa = PBXFileReference; lastKnownFileType = sourcecode.swift; path = NewsListTableViewCell.swift; sourceTree = "<group>"; };
		730274C6286D5FFB003961CE /* NewsListTableViewCell.xib */ = {isa = PBXFileReference; lastKnownFileType = file.xib; path = NewsListTableViewCell.xib; sourceTree = "<group>"; };
		7340C7FE28584570008CC1B4 /* HealthyTracker.app */ = {isa = PBXFileReference; explicitFileType = wrapper.application; includeInIndex = 0; path = HealthyTracker.app; sourceTree = BUILT_PRODUCTS_DIR; };
		7340C80128584570008CC1B4 /* AppDelegate.swift */ = {isa = PBXFileReference; lastKnownFileType = sourcecode.swift; path = AppDelegate.swift; sourceTree = "<group>"; };
		7340C80328584570008CC1B4 /* SceneDelegate.swift */ = {isa = PBXFileReference; lastKnownFileType = sourcecode.swift; path = SceneDelegate.swift; sourceTree = "<group>"; };
		7340C80528584570008CC1B4 /* IntroViewController.swift */ = {isa = PBXFileReference; lastKnownFileType = sourcecode.swift; path = IntroViewController.swift; sourceTree = "<group>"; };
		7340C80828584570008CC1B4 /* Base */ = {isa = PBXFileReference; lastKnownFileType = file.storyboard; name = Base; path = Base.lproj/Main.storyboard; sourceTree = "<group>"; };
		7340C80A28584571008CC1B4 /* Assets.xcassets */ = {isa = PBXFileReference; lastKnownFileType = folder.assetcatalog; path = Assets.xcassets; sourceTree = "<group>"; };
		7340C80D28584571008CC1B4 /* Base */ = {isa = PBXFileReference; lastKnownFileType = file.storyboard; name = Base; path = Base.lproj/LaunchScreen.storyboard; sourceTree = "<group>"; };
		7340C80F28584571008CC1B4 /* Info.plist */ = {isa = PBXFileReference; lastKnownFileType = text.plist.xml; path = Info.plist; sourceTree = "<group>"; };
		7340C81428584571008CC1B4 /* HealthyTrackerTests.xctest */ = {isa = PBXFileReference; explicitFileType = wrapper.cfbundle; includeInIndex = 0; path = HealthyTrackerTests.xctest; sourceTree = BUILT_PRODUCTS_DIR; };
		7340C81828584571008CC1B4 /* HealthyTrackerTests.swift */ = {isa = PBXFileReference; lastKnownFileType = sourcecode.swift; path = HealthyTrackerTests.swift; sourceTree = "<group>"; };
		7340C81A28584571008CC1B4 /* Info.plist */ = {isa = PBXFileReference; lastKnownFileType = text.plist.xml; path = Info.plist; sourceTree = "<group>"; };
		7340C81F28584571008CC1B4 /* HealthyTrackerUITests.xctest */ = {isa = PBXFileReference; explicitFileType = wrapper.cfbundle; includeInIndex = 0; path = HealthyTrackerUITests.xctest; sourceTree = BUILT_PRODUCTS_DIR; };
		7340C82328584571008CC1B4 /* HealthyTrackerUITests.swift */ = {isa = PBXFileReference; lastKnownFileType = sourcecode.swift; path = HealthyTrackerUITests.swift; sourceTree = "<group>"; };
		7340C82528584571008CC1B4 /* Info.plist */ = {isa = PBXFileReference; lastKnownFileType = text.plist.xml; path = Info.plist; sourceTree = "<group>"; };
		735D2EB2286EB34500D200DE /* NewsModel.swift */ = {isa = PBXFileReference; lastKnownFileType = sourcecode.swift; path = NewsModel.swift; sourceTree = "<group>"; };
		735D2EB4286EB53600D200DE /* NewsListModel.swift */ = {isa = PBXFileReference; lastKnownFileType = sourcecode.swift; path = NewsListModel.swift; sourceTree = "<group>"; };
		735E8EBA2866B08C002820D2 /* NewsFeedTableViewCell.swift */ = {isa = PBXFileReference; lastKnownFileType = sourcecode.swift; path = NewsFeedTableViewCell.swift; sourceTree = "<group>"; };
		735E8EBB2866B08C002820D2 /* NewsFeedTableViewCell.xib */ = {isa = PBXFileReference; lastKnownFileType = file.xib; path = NewsFeedTableViewCell.xib; sourceTree = "<group>"; };
		735E8EC12866BDE2002820D2 /* NewsDetailCollectionViewCell.swift */ = {isa = PBXFileReference; lastKnownFileType = sourcecode.swift; path = NewsDetailCollectionViewCell.swift; sourceTree = "<group>"; };
		735E8EC22866BDE2002820D2 /* NewsDetailCollectionViewCell.xib */ = {isa = PBXFileReference; lastKnownFileType = file.xib; path = NewsDetailCollectionViewCell.xib; sourceTree = "<group>"; };
		736075B8286BF3A100F4AD17 /* ArticleModel.swift */ = {isa = PBXFileReference; lastKnownFileType = sourcecode.swift; path = ArticleModel.swift; sourceTree = "<group>"; };
		736075BA286BF41500F4AD17 /* PromotionModel.swift */ = {isa = PBXFileReference; lastKnownFileType = sourcecode.swift; path = PromotionModel.swift; sourceTree = "<group>"; };
		736075BC286BF42B00F4AD17 /* DoctorModel.swift */ = {isa = PBXFileReference; lastKnownFileType = sourcecode.swift; path = DoctorModel.swift; sourceTree = "<group>"; };
		736075BE286BF45E00F4AD17 /* PatientNewsFeedModel.swift */ = {isa = PBXFileReference; lastKnownFileType = sourcecode.swift; path = PatientNewsFeedModel.swift; sourceTree = "<group>"; };
		736075C0286C0AE000F4AD17 /* Utilities.swift */ = {isa = PBXFileReference; lastKnownFileType = sourcecode.swift; path = Utilities.swift; sourceTree = "<group>"; };
		736075C2286C113300F4AD17 /* NSMutableAttributedString+Extensions.swift.swift */ = {isa = PBXFileReference; lastKnownFileType = sourcecode.swift; path = "NSMutableAttributedString+Extensions.swift.swift"; sourceTree = "<group>"; };
		7361EC4B2860515A0071E6BF /* UIView+Extensions.swift */ = {isa = PBXFileReference; lastKnownFileType = sourcecode.swift; path = "UIView+Extensions.swift"; sourceTree = "<group>"; };
		7361EC4D286061060071E6BF /* OTPVerifyViewController.swift */ = {isa = PBXFileReference; lastKnownFileType = sourcecode.swift; path = OTPVerifyViewController.swift; sourceTree = "<group>"; };
		7361EC4F2860709F0071E6BF /* UILabel+Extension.swift */ = {isa = PBXFileReference; lastKnownFileType = sourcecode.swift; path = "UILabel+Extension.swift"; sourceTree = "<group>"; };
		7366365B286A98BA003D0805 /* APIUtilities.swift */ = {isa = PBXFileReference; lastKnownFileType = sourcecode.swift; path = APIUtilities.swift; sourceTree = "<group>"; };
		73663663286AACC7003D0805 /* DoctorDetailCollectionViewCell.swift */ = {isa = PBXFileReference; lastKnownFileType = sourcecode.swift; path = DoctorDetailCollectionViewCell.swift; sourceTree = "<group>"; };
		73663664286AACC7003D0805 /* DoctorDetailCollectionViewCell.xib */ = {isa = PBXFileReference; lastKnownFileType = file.xib; path = DoctorDetailCollectionViewCell.xib; sourceTree = "<group>"; };
		73663668286AC119003D0805 /* SuggestDoctorTableViewCell.swift */ = {isa = PBXFileReference; lastKnownFileType = sourcecode.swift; path = SuggestDoctorTableViewCell.swift; sourceTree = "<group>"; };
		73663669286AC119003D0805 /* SuggestDoctorTableViewCell.xib */ = {isa = PBXFileReference; lastKnownFileType = file.xib; path = SuggestDoctorTableViewCell.xib; sourceTree = "<group>"; };
		7366E21A286FE16500C07CBC /* DoctorListTableViewCell.swift */ = {isa = PBXFileReference; lastKnownFileType = sourcecode.swift; path = DoctorListTableViewCell.swift; sourceTree = "<group>"; };
		7366E21B286FE16500C07CBC /* DoctorListTableViewCell.xib */ = {isa = PBXFileReference; lastKnownFileType = file.xib; path = DoctorListTableViewCell.xib; sourceTree = "<group>"; };
		7366E21E286FE7A400C07CBC /* DoctorListModel.swift */ = {isa = PBXFileReference; lastKnownFileType = sourcecode.swift; path = DoctorListModel.swift; sourceTree = "<group>"; };
		7366E220286FF03600C07CBC /* DetailsViewController.swift */ = {isa = PBXFileReference; lastKnownFileType = sourcecode.swift; path = DetailsViewController.swift; sourceTree = "<group>"; };
		7367AED42862B429004A6F89 /* UIViewController+Extensions.swift */ = {isa = PBXFileReference; lastKnownFileType = sourcecode.swift; path = "UIViewController+Extensions.swift"; sourceTree = "<group>"; };
		7367AEDB2862BCEF004A6F89 /* OTPStackView.swift */ = {isa = PBXFileReference; lastKnownFileType = sourcecode.swift; path = OTPStackView.swift; sourceTree = "<group>"; };
		7368DFFE285C264400B0C3CA /* NunitoSans-Regular.ttf */ = {isa = PBXFileReference; lastKnownFileType = file; path = "NunitoSans-Regular.ttf"; sourceTree = "<group>"; };
		7368E002285C264400B0C3CA /* NunitoSans-Bold.ttf */ = {isa = PBXFileReference; lastKnownFileType = file; path = "NunitoSans-Bold.ttf"; sourceTree = "<group>"; };
		7368E035285C314900B0C3CA /* Constants.swift */ = {isa = PBXFileReference; lastKnownFileType = sourcecode.swift; path = Constants.swift; sourceTree = "<group>"; };
		7368E03A285C31E400B0C3CA /* IntroModel.swift */ = {isa = PBXFileReference; lastKnownFileType = sourcecode.swift; path = IntroModel.swift; sourceTree = "<group>"; };
		7368E045285C36B900B0C3CA /* LoginViewController.swift */ = {isa = PBXFileReference; lastKnownFileType = sourcecode.swift; path = LoginViewController.swift; sourceTree = "<group>"; };
		7368E04A285C389B00B0C3CA /* UIColor+Extensions.swift */ = {isa = PBXFileReference; lastKnownFileType = sourcecode.swift; path = "UIColor+Extensions.swift"; sourceTree = "<group>"; };
		737DDD46285AE5C900200AC1 /* SlideCollectionViewCell.swift */ = {isa = PBXFileReference; lastKnownFileType = sourcecode.swift; path = SlideCollectionViewCell.swift; sourceTree = "<group>"; };
		737DDD47285AE5C900200AC1 /* SlideCollectionViewCell.xib */ = {isa = PBXFileReference; lastKnownFileType = file.xib; path = SlideCollectionViewCell.xib; sourceTree = "<group>"; };
		737ED2A0286E93B40047CFDD /* PromotionListModel.swift */ = {isa = PBXFileReference; lastKnownFileType = sourcecode.swift; path = PromotionListModel.swift; sourceTree = "<group>"; };
		737ED2A2286EAE4D0047CFDD /* FirstNewsListTableViewCell.swift */ = {isa = PBXFileReference; lastKnownFileType = sourcecode.swift; path = FirstNewsListTableViewCell.swift; sourceTree = "<group>"; };
		737ED2A3286EAE4D0047CFDD /* FirstNewsListTableViewCell.xib */ = {isa = PBXFileReference; lastKnownFileType = file.xib; path = FirstNewsListTableViewCell.xib; sourceTree = "<group>"; };
		737FAA0D28656CEB00170501 /* String+Extensions.swift */ = {isa = PBXFileReference; lastKnownFileType = sourcecode.swift; path = "String+Extensions.swift"; sourceTree = "<group>"; };
		737FAA0F28656D1E00170501 /* UIButton+Extentions.swift */ = {isa = PBXFileReference; lastKnownFileType = sourcecode.swift; path = "UIButton+Extentions.swift"; sourceTree = "<group>"; };
		7385D1F9286D416000391DE1 /* NewsListViewController.swift */ = {isa = PBXFileReference; lastKnownFileType = sourcecode.swift; path = NewsListViewController.swift; sourceTree = "<group>"; };
		7385D1FB286D417700391DE1 /* PromotionListViewController.swift */ = {isa = PBXFileReference; lastKnownFileType = sourcecode.swift; path = PromotionListViewController.swift; sourceTree = "<group>"; };
		7385D1FD286D421A00391DE1 /* DoctorListViewController.swift */ = {isa = PBXFileReference; lastKnownFileType = sourcecode.swift; path = DoctorListViewController.swift; sourceTree = "<group>"; };
		7385D1FF286D552100391DE1 /* UIImage+Extensions.swift */ = {isa = PBXFileReference; lastKnownFileType = sourcecode.swift; path = "UIImage+Extensions.swift"; sourceTree = "<group>"; };
		73934A2628641F71005F972D /* HomeViewController.swift */ = {isa = PBXFileReference; lastKnownFileType = sourcecode.swift; path = HomeViewController.swift; sourceTree = "<group>"; };
		EB8885906C7A1F3EC5611B2C /* Pods_HealthyTracker.framework */ = {isa = PBXFileReference; explicitFileType = wrapper.framework; includeInIndex = 0; path = Pods_HealthyTracker.framework; sourceTree = BUILT_PRODUCTS_DIR; };
		F728C393FA9FAB3A9CB1A5F7 /* Pods-HealthyTracker.debug.xcconfig */ = {isa = PBXFileReference; includeInIndex = 1; lastKnownFileType = text.xcconfig; name = "Pods-HealthyTracker.debug.xcconfig"; path = "Target Support Files/Pods-HealthyTracker/Pods-HealthyTracker.debug.xcconfig"; sourceTree = "<group>"; };
/* End PBXFileReference section */

/* Begin PBXFrameworksBuildPhase section */
		7340C7FB28584570008CC1B4 /* Frameworks */ = {
			isa = PBXFrameworksBuildPhase;
			buildActionMask = 2147483647;
			files = (
				8C5F1323DF6D9E9431345457 /* Pods_HealthyTracker.framework in Frameworks */,
			);
			runOnlyForDeploymentPostprocessing = 0;
		};
		7340C81128584571008CC1B4 /* Frameworks */ = {
			isa = PBXFrameworksBuildPhase;
			buildActionMask = 2147483647;
			files = (
			);
			runOnlyForDeploymentPostprocessing = 0;
		};
		7340C81C28584571008CC1B4 /* Frameworks */ = {
			isa = PBXFrameworksBuildPhase;
			buildActionMask = 2147483647;
			files = (
			);
			runOnlyForDeploymentPostprocessing = 0;
		};
/* End PBXFrameworksBuildPhase section */

/* Begin PBXGroup section */
		327301AA0FD846FEAD6AF465 /* Frameworks */ = {
			isa = PBXGroup;
			children = (
				EB8885906C7A1F3EC5611B2C /* Pods_HealthyTracker.framework */,
			);
			name = Frameworks;
			sourceTree = "<group>";
		};
		68B213FF0A56AB26A76F9ED5 /* Pods */ = {
			isa = PBXGroup;
			children = (
				F728C393FA9FAB3A9CB1A5F7 /* Pods-HealthyTracker.debug.xcconfig */,
				69387EBB3ED9D4FC16B7B2F4 /* Pods-HealthyTracker.release.xcconfig */,
			);
			path = Pods;
			sourceTree = "<group>";
		};
		730274C4286D5FDA003961CE /* News+PromotionListCell */ = {
			isa = PBXGroup;
			children = (
				730274C5286D5FFB003961CE /* NewsListTableViewCell.swift */,
				730274C6286D5FFB003961CE /* NewsListTableViewCell.xib */,
				737ED2A2286EAE4D0047CFDD /* FirstNewsListTableViewCell.swift */,
				737ED2A3286EAE4D0047CFDD /* FirstNewsListTableViewCell.xib */,
			);
			path = "News+PromotionListCell";
			sourceTree = "<group>";
		};
		7340C7F528584570008CC1B4 = {
			isa = PBXGroup;
			children = (
				7340C80028584570008CC1B4 /* HealthyTracker */,
				7340C81728584571008CC1B4 /* HealthyTrackerTests */,
				7340C82228584571008CC1B4 /* HealthyTrackerUITests */,
				7340C7FF28584570008CC1B4 /* Products */,
				68B213FF0A56AB26A76F9ED5 /* Pods */,
				327301AA0FD846FEAD6AF465 /* Frameworks */,
			);
			sourceTree = "<group>";
		};
		7340C7FF28584570008CC1B4 /* Products */ = {
			isa = PBXGroup;
			children = (
				7340C7FE28584570008CC1B4 /* HealthyTracker.app */,
				7340C81428584571008CC1B4 /* HealthyTrackerTests.xctest */,
				7340C81F28584571008CC1B4 /* HealthyTrackerUITests.xctest */,
			);
			name = Products;
			sourceTree = "<group>";
		};
		7340C80028584570008CC1B4 /* HealthyTracker */ = {
			isa = PBXGroup;
			children = (
				7368E03E285C360600B0C3CA /* ViewControllers */,
				7368E039285C31D700B0C3CA /* Models */,
				7368E034285C311D00B0C3CA /* Helpers */,
				7368E03F285C361C00B0C3CA /* App */,
				738C7165285D6A2600143782 /* Resources */,
			);
			path = HealthyTracker;
			sourceTree = "<group>";
		};
		7340C81728584571008CC1B4 /* HealthyTrackerTests */ = {
			isa = PBXGroup;
			children = (
				7340C81828584571008CC1B4 /* HealthyTrackerTests.swift */,
				7340C81A28584571008CC1B4 /* Info.plist */,
			);
			path = HealthyTrackerTests;
			sourceTree = "<group>";
		};
		7340C82228584571008CC1B4 /* HealthyTrackerUITests */ = {
			isa = PBXGroup;
			children = (
				7340C82328584571008CC1B4 /* HealthyTrackerUITests.swift */,
				7340C82528584571008CC1B4 /* Info.plist */,
			);
			path = HealthyTrackerUITests;
			sourceTree = "<group>";
		};
		735E8EB82866B048002820D2 /* CommonViews */ = {
			isa = PBXGroup;
			children = (
				7367AEDB2862BCEF004A6F89 /* OTPStackView.swift */,
			);
			path = CommonViews;
			sourceTree = "<group>";
		};
		735E8EB92866B064002820D2 /* NewsFeedCell */ = {
			isa = PBXGroup;
			children = (
				735E8EBA2866B08C002820D2 /* NewsFeedTableViewCell.swift */,
				735E8EBB2866B08C002820D2 /* NewsFeedTableViewCell.xib */,
			);
			path = NewsFeedCell;
			sourceTree = "<group>";
		};
		735E8EBE2866BD95002820D2 /* NewsDetailCell */ = {
			isa = PBXGroup;
			children = (
				735E8EC12866BDE2002820D2 /* NewsDetailCollectionViewCell.swift */,
				735E8EC22866BDE2002820D2 /* NewsDetailCollectionViewCell.xib */,
			);
			path = NewsDetailCell;
			sourceTree = "<group>";
		};
		73663662286AACA5003D0805 /* DoctorDetailCell */ = {
			isa = PBXGroup;
			children = (
				73663663286AACC7003D0805 /* DoctorDetailCollectionViewCell.swift */,
				73663664286AACC7003D0805 /* DoctorDetailCollectionViewCell.xib */,
			);
			path = DoctorDetailCell;
			sourceTree = "<group>";
		};
		73663667286AC0F3003D0805 /* SuggestDoctorCell */ = {
			isa = PBXGroup;
			children = (
				73663668286AC119003D0805 /* SuggestDoctorTableViewCell.swift */,
				73663669286AC119003D0805 /* SuggestDoctorTableViewCell.xib */,
			);
			path = SuggestDoctorCell;
			sourceTree = "<group>";
		};
		7366E219286FDFD600C07CBC /* DoctorListCell */ = {
			isa = PBXGroup;
			children = (
				7366E21A286FE16500C07CBC /* DoctorListTableViewCell.swift */,
				7366E21B286FE16500C07CBC /* DoctorListTableViewCell.xib */,
			);
			path = DoctorListCell;
			sourceTree = "<group>";
		};
		7367AED62862B76E004A6F89 /* Views */ = {
			isa = PBXGroup;
			children = (
				735E8EB82866B048002820D2 /* CommonViews */,
				738C7164285D6A0300143782 /* Cells */,
			);
			path = Views;
			sourceTree = "<group>";
		};
		7368DFF7285C264400B0C3CA /* Fonts */ = {
			isa = PBXGroup;
			children = (
				7368DFFE285C264400B0C3CA /* NunitoSans-Regular.ttf */,
				7368E002285C264400B0C3CA /* NunitoSans-Bold.ttf */,
			);
			path = Fonts;
			sourceTree = "<group>";
		};
		7368E034285C311D00B0C3CA /* Helpers */ = {
			isa = PBXGroup;
			children = (
				7375F74A2869BD370029B170 /* Utilities */,
				7368E049285C385F00B0C3CA /* Extensions */,
				7368E035285C314900B0C3CA /* Constants.swift */,
			);
			path = Helpers;
			sourceTree = "<group>";
		};
		7368E039285C31D700B0C3CA /* Models */ = {
			isa = PBXGroup;
			children = (
				7375F74C2869BDA00029B170 /* Remote */,
				7375F74B2869BD910029B170 /* Local */,
			);
			path = Models;
			sourceTree = "<group>";
		};
		7368E03E285C360600B0C3CA /* ViewControllers */ = {
			isa = PBXGroup;
			children = (
				7385D1F8286D413900391DE1 /* NewsPromotionDoctor */,
				7385D1F7286D40CE00391DE1 /* Home */,
				7385D1F6286D40AE00391DE1 /* LoginAndVerify */,
				7367AED62862B76E004A6F89 /* Views */,
			);
			path = ViewControllers;
			sourceTree = "<group>";
		};
		7368E03F285C361C00B0C3CA /* App */ = {
			isa = PBXGroup;
			children = (
				7340C80128584570008CC1B4 /* AppDelegate.swift */,
				7340C80328584570008CC1B4 /* SceneDelegate.swift */,
			);
			path = App;
			sourceTree = "<group>";
		};
		7368E049285C385F00B0C3CA /* Extensions */ = {
			isa = PBXGroup;
			children = (
				7368E04A285C389B00B0C3CA /* UIColor+Extensions.swift */,
				7361EC4B2860515A0071E6BF /* UIView+Extensions.swift */,
				7361EC4F2860709F0071E6BF /* UILabel+Extension.swift */,
				7367AED42862B429004A6F89 /* UIViewController+Extensions.swift */,
				737FAA0D28656CEB00170501 /* String+Extensions.swift */,
				737FAA0F28656D1E00170501 /* UIButton+Extentions.swift */,
				736075C2286C113300F4AD17 /* NSMutableAttributedString+Extensions.swift.swift */,
				7385D1FF286D552100391DE1 /* UIImage+Extensions.swift */,
			);
			path = Extensions;
			sourceTree = "<group>";
		};
		7375F74A2869BD370029B170 /* Utilities */ = {
			isa = PBXGroup;
			children = (
				7366365B286A98BA003D0805 /* APIUtilities.swift */,
				736075C0286C0AE000F4AD17 /* Utilities.swift */,
			);
			path = Utilities;
			sourceTree = "<group>";
		};
		7375F74B2869BD910029B170 /* Local */ = {
			isa = PBXGroup;
			children = (
				7368E03A285C31E400B0C3CA /* IntroModel.swift */,
			);
			path = Local;
			sourceTree = "<group>";
		};
		7375F74C2869BDA00029B170 /* Remote */ = {
			isa = PBXGroup;
			children = (
				736075B8286BF3A100F4AD17 /* ArticleModel.swift */,
				736075BA286BF41500F4AD17 /* PromotionModel.swift */,
				735D2EB2286EB34500D200DE /* NewsModel.swift */,
				736075BC286BF42B00F4AD17 /* DoctorModel.swift */,
				736075BE286BF45E00F4AD17 /* PatientNewsFeedModel.swift */,
				737ED2A0286E93B40047CFDD /* PromotionListModel.swift */,
				735D2EB4286EB53600D200DE /* NewsListModel.swift */,
				7366E21E286FE7A400C07CBC /* DoctorListModel.swift */,
			);
			path = Remote;
			sourceTree = "<group>";
		};
		737DDD3F285AC75400200AC1 /* IntroCell */ = {
			isa = PBXGroup;
			children = (
				737DDD46285AE5C900200AC1 /* SlideCollectionViewCell.swift */,
				737DDD47285AE5C900200AC1 /* SlideCollectionViewCell.xib */,
			);
			path = IntroCell;
			sourceTree = "<group>";
		};
		7385D1F6286D40AE00391DE1 /* LoginAndVerify */ = {
			isa = PBXGroup;
			children = (
				7340C80528584570008CC1B4 /* IntroViewController.swift */,
				7368E045285C36B900B0C3CA /* LoginViewController.swift */,
				7361EC4D286061060071E6BF /* OTPVerifyViewController.swift */,
			);
			path = LoginAndVerify;
			sourceTree = "<group>";
		};
		7385D1F7286D40CE00391DE1 /* Home */ = {
			isa = PBXGroup;
			children = (
				73934A2628641F71005F972D /* HomeViewController.swift */,
			);
			path = Home;
			sourceTree = "<group>";
		};
		7385D1F8286D413900391DE1 /* NewsPromotionDoctor */ = {
			isa = PBXGroup;
			children = (
				7385D1F9286D416000391DE1 /* NewsListViewController.swift */,
				7385D1FB286D417700391DE1 /* PromotionListViewController.swift */,
				7385D1FD286D421A00391DE1 /* DoctorListViewController.swift */,
				7366E220286FF03600C07CBC /* DetailsViewController.swift */,
			);
			path = NewsPromotionDoctor;
			sourceTree = "<group>";
		};
		738C7164285D6A0300143782 /* Cells */ = {
			isa = PBXGroup;
			children = (
				7366E219286FDFD600C07CBC /* DoctorListCell */,
				730274C4286D5FDA003961CE /* News+PromotionListCell */,
				73663662286AACA5003D0805 /* DoctorDetailCell */,
				735E8EBE2866BD95002820D2 /* NewsDetailCell */,
				73663667286AC0F3003D0805 /* SuggestDoctorCell */,
				735E8EB92866B064002820D2 /* NewsFeedCell */,
				737DDD3F285AC75400200AC1 /* IntroCell */,
			);
			path = Cells;
			sourceTree = "<group>";
		};
		738C7165285D6A2600143782 /* Resources */ = {
			isa = PBXGroup;
			children = (
				7368DFF7285C264400B0C3CA /* Fonts */,
				7340C80728584570008CC1B4 /* Main.storyboard */,
				7340C80A28584571008CC1B4 /* Assets.xcassets */,
				7340C80C28584571008CC1B4 /* LaunchScreen.storyboard */,
				7340C80F28584571008CC1B4 /* Info.plist */,
			);
			path = Resources;
			sourceTree = "<group>";
		};
/* End PBXGroup section */

/* Begin PBXNativeTarget section */
		7340C7FD28584570008CC1B4 /* HealthyTracker */ = {
			isa = PBXNativeTarget;
			buildConfigurationList = 7340C82828584571008CC1B4 /* Build configuration list for PBXNativeTarget "HealthyTracker" */;
			buildPhases = (
				7FD0A07AFEFC29D8AD98F6CA /* [CP] Check Pods Manifest.lock */,
				7340C7FA28584570008CC1B4 /* Sources */,
				7340C7FB28584570008CC1B4 /* Frameworks */,
				7340C7FC28584570008CC1B4 /* Resources */,
				A1E32CE66C2CDB1AF6698EB7 /* [CP] Embed Pods Frameworks */,
			);
			buildRules = (
			);
			dependencies = (
			);
			name = HealthyTracker;
			productName = HealthyTracker;
			productReference = 7340C7FE28584570008CC1B4 /* HealthyTracker.app */;
			productType = "com.apple.product-type.application";
		};
		7340C81328584571008CC1B4 /* HealthyTrackerTests */ = {
			isa = PBXNativeTarget;
			buildConfigurationList = 7340C82B28584571008CC1B4 /* Build configuration list for PBXNativeTarget "HealthyTrackerTests" */;
			buildPhases = (
				7340C81028584571008CC1B4 /* Sources */,
				7340C81128584571008CC1B4 /* Frameworks */,
				7340C81228584571008CC1B4 /* Resources */,
			);
			buildRules = (
			);
			dependencies = (
				7340C81628584571008CC1B4 /* PBXTargetDependency */,
			);
			name = HealthyTrackerTests;
			productName = HealthyTrackerTests;
			productReference = 7340C81428584571008CC1B4 /* HealthyTrackerTests.xctest */;
			productType = "com.apple.product-type.bundle.unit-test";
		};
		7340C81E28584571008CC1B4 /* HealthyTrackerUITests */ = {
			isa = PBXNativeTarget;
			buildConfigurationList = 7340C82E28584571008CC1B4 /* Build configuration list for PBXNativeTarget "HealthyTrackerUITests" */;
			buildPhases = (
				7340C81B28584571008CC1B4 /* Sources */,
				7340C81C28584571008CC1B4 /* Frameworks */,
				7340C81D28584571008CC1B4 /* Resources */,
			);
			buildRules = (
			);
			dependencies = (
				7340C82128584571008CC1B4 /* PBXTargetDependency */,
			);
			name = HealthyTrackerUITests;
			productName = HealthyTrackerUITests;
			productReference = 7340C81F28584571008CC1B4 /* HealthyTrackerUITests.xctest */;
			productType = "com.apple.product-type.bundle.ui-testing";
		};
/* End PBXNativeTarget section */

/* Begin PBXProject section */
		7340C7F628584570008CC1B4 /* Project object */ = {
			isa = PBXProject;
			attributes = {
				LastSwiftUpdateCheck = 1250;
				LastUpgradeCheck = 1250;
				TargetAttributes = {
					7340C7FD28584570008CC1B4 = {
						CreatedOnToolsVersion = 12.5;
					};
					7340C81328584571008CC1B4 = {
						CreatedOnToolsVersion = 12.5;
						TestTargetID = 7340C7FD28584570008CC1B4;
					};
					7340C81E28584571008CC1B4 = {
						CreatedOnToolsVersion = 12.5;
						TestTargetID = 7340C7FD28584570008CC1B4;
					};
				};
			};
			buildConfigurationList = 7340C7F928584570008CC1B4 /* Build configuration list for PBXProject "HealthyTracker" */;
			compatibilityVersion = "Xcode 9.3";
			developmentRegion = en;
			hasScannedForEncodings = 0;
			knownRegions = (
				en,
				Base,
			);
			mainGroup = 7340C7F528584570008CC1B4;
			productRefGroup = 7340C7FF28584570008CC1B4 /* Products */;
			projectDirPath = "";
			projectRoot = "";
			targets = (
				7340C7FD28584570008CC1B4 /* HealthyTracker */,
				7340C81328584571008CC1B4 /* HealthyTrackerTests */,
				7340C81E28584571008CC1B4 /* HealthyTrackerUITests */,
			);
		};
/* End PBXProject section */

/* Begin PBXResourcesBuildPhase section */
		7340C7FC28584570008CC1B4 /* Resources */ = {
			isa = PBXResourcesBuildPhase;
			buildActionMask = 2147483647;
			files = (
				735E8EC42866BDE2002820D2 /* NewsDetailCollectionViewCell.xib in Resources */,
				7368E025285C264400B0C3CA /* NunitoSans-Bold.ttf in Resources */,
				737DDD49285AE5C900200AC1 /* SlideCollectionViewCell.xib in Resources */,
				7340C80E28584571008CC1B4 /* LaunchScreen.storyboard in Resources */,
				7366E21D286FE16500C07CBC /* DoctorListTableViewCell.xib in Resources */,
				735E8EBD2866B08C002820D2 /* NewsFeedTableViewCell.xib in Resources */,
				7366366B286AC119003D0805 /* SuggestDoctorTableViewCell.xib in Resources */,
				7340C80B28584571008CC1B4 /* Assets.xcassets in Resources */,
				737ED2A5286EAE4D0047CFDD /* FirstNewsListTableViewCell.xib in Resources */,
				730274C8286D5FFB003961CE /* NewsListTableViewCell.xib in Resources */,
				7368E019285C264400B0C3CA /* NunitoSans-Regular.ttf in Resources */,
				73663666286AACC7003D0805 /* DoctorDetailCollectionViewCell.xib in Resources */,
				7340C80928584570008CC1B4 /* Main.storyboard in Resources */,
			);
			runOnlyForDeploymentPostprocessing = 0;
		};
		7340C81228584571008CC1B4 /* Resources */ = {
			isa = PBXResourcesBuildPhase;
			buildActionMask = 2147483647;
			files = (
				7368E01A285C264400B0C3CA /* NunitoSans-Regular.ttf in Resources */,
				7368E026285C264400B0C3CA /* NunitoSans-Bold.ttf in Resources */,
			);
			runOnlyForDeploymentPostprocessing = 0;
		};
		7340C81D28584571008CC1B4 /* Resources */ = {
			isa = PBXResourcesBuildPhase;
			buildActionMask = 2147483647;
			files = (
				7368E01B285C264400B0C3CA /* NunitoSans-Regular.ttf in Resources */,
				7368E027285C264400B0C3CA /* NunitoSans-Bold.ttf in Resources */,
			);
			runOnlyForDeploymentPostprocessing = 0;
		};
/* End PBXResourcesBuildPhase section */

/* Begin PBXShellScriptBuildPhase section */
		7FD0A07AFEFC29D8AD98F6CA /* [CP] Check Pods Manifest.lock */ = {
			isa = PBXShellScriptBuildPhase;
			buildActionMask = 2147483647;
			files = (
			);
			inputFileListPaths = (
			);
			inputPaths = (
				"${PODS_PODFILE_DIR_PATH}/Podfile.lock",
				"${PODS_ROOT}/Manifest.lock",
			);
			name = "[CP] Check Pods Manifest.lock";
			outputFileListPaths = (
			);
			outputPaths = (
				"$(DERIVED_FILE_DIR)/Pods-HealthyTracker-checkManifestLockResult.txt",
			);
			runOnlyForDeploymentPostprocessing = 0;
			shellPath = /bin/sh;
			shellScript = "diff \"${PODS_PODFILE_DIR_PATH}/Podfile.lock\" \"${PODS_ROOT}/Manifest.lock\" > /dev/null\nif [ $? != 0 ] ; then\n    # print error to STDERR\n    echo \"error: The sandbox is not in sync with the Podfile.lock. Run 'pod install' or update your CocoaPods installation.\" >&2\n    exit 1\nfi\n# This output is used by Xcode 'outputs' to avoid re-running this script phase.\necho \"SUCCESS\" > \"${SCRIPT_OUTPUT_FILE_0}\"\n";
			showEnvVarsInLog = 0;
		};
		A1E32CE66C2CDB1AF6698EB7 /* [CP] Embed Pods Frameworks */ = {
			isa = PBXShellScriptBuildPhase;
			buildActionMask = 2147483647;
			files = (
			);
			inputFileListPaths = (
				"${PODS_ROOT}/Target Support Files/Pods-HealthyTracker/Pods-HealthyTracker-frameworks-${CONFIGURATION}-input-files.xcfilelist",
			);
			name = "[CP] Embed Pods Frameworks";
			outputFileListPaths = (
				"${PODS_ROOT}/Target Support Files/Pods-HealthyTracker/Pods-HealthyTracker-frameworks-${CONFIGURATION}-output-files.xcfilelist",
			);
			runOnlyForDeploymentPostprocessing = 0;
			shellPath = /bin/sh;
			shellScript = "\"${PODS_ROOT}/Target Support Files/Pods-HealthyTracker/Pods-HealthyTracker-frameworks.sh\"\n";
			showEnvVarsInLog = 0;
		};
/* End PBXShellScriptBuildPhase section */

/* Begin PBXSourcesBuildPhase section */
		7340C7FA28584570008CC1B4 /* Sources */ = {
			isa = PBXSourcesBuildPhase;
			buildActionMask = 2147483647;
			files = (
				736075BD286BF42B00F4AD17 /* DoctorModel.swift in Sources */,
				7385D1FC286D417700391DE1 /* PromotionListViewController.swift in Sources */,
				730274C7286D5FFB003961CE /* NewsListTableViewCell.swift in Sources */,
				7366366A286AC119003D0805 /* SuggestDoctorTableViewCell.swift in Sources */,
				7361EC502860709F0071E6BF /* UILabel+Extension.swift in Sources */,
				7385D1FA286D416000391DE1 /* NewsListViewController.swift in Sources */,
				7368E046285C36B900B0C3CA /* LoginViewController.swift in Sources */,
				736075C1286C0AE000F4AD17 /* Utilities.swift in Sources */,
				7361EC4E286061060071E6BF /* OTPVerifyViewController.swift in Sources */,
				7340C80628584570008CC1B4 /* IntroViewController.swift in Sources */,
				7367AED52862B429004A6F89 /* UIViewController+Extensions.swift in Sources */,
				7366E221286FF03600C07CBC /* DetailsViewController.swift in Sources */,
				73934A2728641F71005F972D /* HomeViewController.swift in Sources */,
				735E8EC32866BDE2002820D2 /* NewsDetailCollectionViewCell.swift in Sources */,
				7367AEDC2862BCEF004A6F89 /* OTPStackView.swift in Sources */,
				735D2EB3286EB34500D200DE /* NewsModel.swift in Sources */,
				7366E21C286FE16500C07CBC /* DoctorListTableViewCell.swift in Sources */,
				7340C80228584570008CC1B4 /* AppDelegate.swift in Sources */,
				7361EC4C2860515A0071E6BF /* UIView+Extensions.swift in Sources */,
				737ED2A4286EAE4D0047CFDD /* FirstNewsListTableViewCell.swift in Sources */,
				7340C80428584570008CC1B4 /* SceneDelegate.swift in Sources */,
				736075B9286BF3A100F4AD17 /* ArticleModel.swift in Sources */,
				7366365C286A98BA003D0805 /* APIUtilities.swift in Sources */,
				737ED2A1286E93B40047CFDD /* PromotionListModel.swift in Sources */,
				737FAA1028656D1E00170501 /* UIButton+Extentions.swift in Sources */,
				737FAA0E28656CEB00170501 /* String+Extensions.swift in Sources */,
				735D2EB5286EB53600D200DE /* NewsListModel.swift in Sources */,
				7368E03B285C31E400B0C3CA /* IntroModel.swift in Sources */,
				737DDD48285AE5C900200AC1 /* SlideCollectionViewCell.swift in Sources */,
				736075BF286BF45E00F4AD17 /* PatientNewsFeedModel.swift in Sources */,
				73663665286AACC7003D0805 /* DoctorDetailCollectionViewCell.swift in Sources */,
				7366E21F286FE7A400C07CBC /* DoctorListModel.swift in Sources */,
				7385D200286D552100391DE1 /* UIImage+Extensions.swift in Sources */,
				735E8EBC2866B08C002820D2 /* NewsFeedTableViewCell.swift in Sources */,
				7385D1FE286D421A00391DE1 /* DoctorListViewController.swift in Sources */,
				736075BB286BF41500F4AD17 /* PromotionModel.swift in Sources */,
				7368E036285C314900B0C3CA /* Constants.swift in Sources */,
				7368E04B285C389B00B0C3CA /* UIColor+Extensions.swift in Sources */,
				736075C3286C113300F4AD17 /* NSMutableAttributedString+Extensions.swift.swift in Sources */,
			);
			runOnlyForDeploymentPostprocessing = 0;
		};
		7340C81028584571008CC1B4 /* Sources */ = {
			isa = PBXSourcesBuildPhase;
			buildActionMask = 2147483647;
			files = (
				7368E047285C36B900B0C3CA /* LoginViewController.swift in Sources */,
				7340C81928584571008CC1B4 /* HealthyTrackerTests.swift in Sources */,
				7368E03C285C31E400B0C3CA /* IntroModel.swift in Sources */,
				7368E037285C314900B0C3CA /* Constants.swift in Sources */,
				7368E04C285C389B00B0C3CA /* UIColor+Extensions.swift in Sources */,
			);
			runOnlyForDeploymentPostprocessing = 0;
		};
		7340C81B28584571008CC1B4 /* Sources */ = {
			isa = PBXSourcesBuildPhase;
			buildActionMask = 2147483647;
			files = (
				7368E048285C36B900B0C3CA /* LoginViewController.swift in Sources */,
				7340C82428584571008CC1B4 /* HealthyTrackerUITests.swift in Sources */,
				7368E03D285C31E400B0C3CA /* IntroModel.swift in Sources */,
				7368E038285C314900B0C3CA /* Constants.swift in Sources */,
				7368E04D285C389B00B0C3CA /* UIColor+Extensions.swift in Sources */,
			);
			runOnlyForDeploymentPostprocessing = 0;
		};
/* End PBXSourcesBuildPhase section */

/* Begin PBXTargetDependency section */
		7340C81628584571008CC1B4 /* PBXTargetDependency */ = {
			isa = PBXTargetDependency;
			target = 7340C7FD28584570008CC1B4 /* HealthyTracker */;
			targetProxy = 7340C81528584571008CC1B4 /* PBXContainerItemProxy */;
		};
		7340C82128584571008CC1B4 /* PBXTargetDependency */ = {
			isa = PBXTargetDependency;
			target = 7340C7FD28584570008CC1B4 /* HealthyTracker */;
			targetProxy = 7340C82028584571008CC1B4 /* PBXContainerItemProxy */;
		};
/* End PBXTargetDependency section */

/* Begin PBXVariantGroup section */
		7340C80728584570008CC1B4 /* Main.storyboard */ = {
			isa = PBXVariantGroup;
			children = (
				7340C80828584570008CC1B4 /* Base */,
			);
			name = Main.storyboard;
			sourceTree = "<group>";
		};
		7340C80C28584571008CC1B4 /* LaunchScreen.storyboard */ = {
			isa = PBXVariantGroup;
			children = (
				7340C80D28584571008CC1B4 /* Base */,
			);
			name = LaunchScreen.storyboard;
			sourceTree = "<group>";
		};
/* End PBXVariantGroup section */

/* Begin XCBuildConfiguration section */
		7340C82628584571008CC1B4 /* Debug */ = {
			isa = XCBuildConfiguration;
			buildSettings = {
				ALWAYS_SEARCH_USER_PATHS = NO;
				CLANG_ANALYZER_NONNULL = YES;
				CLANG_ANALYZER_NUMBER_OBJECT_CONVERSION = YES_AGGRESSIVE;
				CLANG_CXX_LANGUAGE_STANDARD = "gnu++14";
				CLANG_CXX_LIBRARY = "libc++";
				CLANG_ENABLE_MODULES = YES;
				CLANG_ENABLE_OBJC_ARC = YES;
				CLANG_ENABLE_OBJC_WEAK = YES;
				CLANG_WARN_BLOCK_CAPTURE_AUTORELEASING = YES;
				CLANG_WARN_BOOL_CONVERSION = YES;
				CLANG_WARN_COMMA = YES;
				CLANG_WARN_CONSTANT_CONVERSION = YES;
				CLANG_WARN_DEPRECATED_OBJC_IMPLEMENTATIONS = YES;
				CLANG_WARN_DIRECT_OBJC_ISA_USAGE = YES_ERROR;
				CLANG_WARN_DOCUMENTATION_COMMENTS = YES;
				CLANG_WARN_EMPTY_BODY = YES;
				CLANG_WARN_ENUM_CONVERSION = YES;
				CLANG_WARN_INFINITE_RECURSION = YES;
				CLANG_WARN_INT_CONVERSION = YES;
				CLANG_WARN_NON_LITERAL_NULL_CONVERSION = YES;
				CLANG_WARN_OBJC_IMPLICIT_RETAIN_SELF = YES;
				CLANG_WARN_OBJC_LITERAL_CONVERSION = YES;
				CLANG_WARN_OBJC_ROOT_CLASS = YES_ERROR;
				CLANG_WARN_QUOTED_INCLUDE_IN_FRAMEWORK_HEADER = YES;
				CLANG_WARN_RANGE_LOOP_ANALYSIS = YES;
				CLANG_WARN_STRICT_PROTOTYPES = YES;
				CLANG_WARN_SUSPICIOUS_MOVE = YES;
				CLANG_WARN_UNGUARDED_AVAILABILITY = YES_AGGRESSIVE;
				CLANG_WARN_UNREACHABLE_CODE = YES;
				CLANG_WARN__DUPLICATE_METHOD_MATCH = YES;
				COPY_PHASE_STRIP = NO;
				DEBUG_INFORMATION_FORMAT = dwarf;
				ENABLE_STRICT_OBJC_MSGSEND = YES;
				ENABLE_TESTABILITY = YES;
				GCC_C_LANGUAGE_STANDARD = gnu11;
				GCC_DYNAMIC_NO_PIC = NO;
				GCC_NO_COMMON_BLOCKS = YES;
				GCC_OPTIMIZATION_LEVEL = 0;
				GCC_PREPROCESSOR_DEFINITIONS = (
					"DEBUG=1",
					"$(inherited)",
				);
				GCC_WARN_64_TO_32_BIT_CONVERSION = YES;
				GCC_WARN_ABOUT_RETURN_TYPE = YES_ERROR;
				GCC_WARN_UNDECLARED_SELECTOR = YES;
				GCC_WARN_UNINITIALIZED_AUTOS = YES_AGGRESSIVE;
				GCC_WARN_UNUSED_FUNCTION = YES;
				GCC_WARN_UNUSED_VARIABLE = YES;
				IPHONEOS_DEPLOYMENT_TARGET = 14.5;
				MTL_ENABLE_DEBUG_INFO = INCLUDE_SOURCE;
				MTL_FAST_MATH = YES;
				ONLY_ACTIVE_ARCH = YES;
				SDKROOT = iphoneos;
				SWIFT_ACTIVE_COMPILATION_CONDITIONS = DEBUG;
				SWIFT_OPTIMIZATION_LEVEL = "-Onone";
			};
			name = Debug;
		};
		7340C82728584571008CC1B4 /* Release */ = {
			isa = XCBuildConfiguration;
			buildSettings = {
				ALWAYS_SEARCH_USER_PATHS = NO;
				CLANG_ANALYZER_NONNULL = YES;
				CLANG_ANALYZER_NUMBER_OBJECT_CONVERSION = YES_AGGRESSIVE;
				CLANG_CXX_LANGUAGE_STANDARD = "gnu++14";
				CLANG_CXX_LIBRARY = "libc++";
				CLANG_ENABLE_MODULES = YES;
				CLANG_ENABLE_OBJC_ARC = YES;
				CLANG_ENABLE_OBJC_WEAK = YES;
				CLANG_WARN_BLOCK_CAPTURE_AUTORELEASING = YES;
				CLANG_WARN_BOOL_CONVERSION = YES;
				CLANG_WARN_COMMA = YES;
				CLANG_WARN_CONSTANT_CONVERSION = YES;
				CLANG_WARN_DEPRECATED_OBJC_IMPLEMENTATIONS = YES;
				CLANG_WARN_DIRECT_OBJC_ISA_USAGE = YES_ERROR;
				CLANG_WARN_DOCUMENTATION_COMMENTS = YES;
				CLANG_WARN_EMPTY_BODY = YES;
				CLANG_WARN_ENUM_CONVERSION = YES;
				CLANG_WARN_INFINITE_RECURSION = YES;
				CLANG_WARN_INT_CONVERSION = YES;
				CLANG_WARN_NON_LITERAL_NULL_CONVERSION = YES;
				CLANG_WARN_OBJC_IMPLICIT_RETAIN_SELF = YES;
				CLANG_WARN_OBJC_LITERAL_CONVERSION = YES;
				CLANG_WARN_OBJC_ROOT_CLASS = YES_ERROR;
				CLANG_WARN_QUOTED_INCLUDE_IN_FRAMEWORK_HEADER = YES;
				CLANG_WARN_RANGE_LOOP_ANALYSIS = YES;
				CLANG_WARN_STRICT_PROTOTYPES = YES;
				CLANG_WARN_SUSPICIOUS_MOVE = YES;
				CLANG_WARN_UNGUARDED_AVAILABILITY = YES_AGGRESSIVE;
				CLANG_WARN_UNREACHABLE_CODE = YES;
				CLANG_WARN__DUPLICATE_METHOD_MATCH = YES;
				COPY_PHASE_STRIP = NO;
				DEBUG_INFORMATION_FORMAT = "dwarf-with-dsym";
				ENABLE_NS_ASSERTIONS = NO;
				ENABLE_STRICT_OBJC_MSGSEND = YES;
				GCC_C_LANGUAGE_STANDARD = gnu11;
				GCC_NO_COMMON_BLOCKS = YES;
				GCC_WARN_64_TO_32_BIT_CONVERSION = YES;
				GCC_WARN_ABOUT_RETURN_TYPE = YES_ERROR;
				GCC_WARN_UNDECLARED_SELECTOR = YES;
				GCC_WARN_UNINITIALIZED_AUTOS = YES_AGGRESSIVE;
				GCC_WARN_UNUSED_FUNCTION = YES;
				GCC_WARN_UNUSED_VARIABLE = YES;
				IPHONEOS_DEPLOYMENT_TARGET = 14.5;
				MTL_ENABLE_DEBUG_INFO = NO;
				MTL_FAST_MATH = YES;
				SDKROOT = iphoneos;
				SWIFT_COMPILATION_MODE = wholemodule;
				SWIFT_OPTIMIZATION_LEVEL = "-O";
				VALIDATE_PRODUCT = YES;
			};
			name = Release;
		};
		7340C82928584571008CC1B4 /* Debug */ = {
			isa = XCBuildConfiguration;
			baseConfigurationReference = F728C393FA9FAB3A9CB1A5F7 /* Pods-HealthyTracker.debug.xcconfig */;
			buildSettings = {
				ASSETCATALOG_COMPILER_APPICON_NAME = AppIcon;
				ASSETCATALOG_COMPILER_GLOBAL_ACCENT_COLOR_NAME = AccentColor;
				CODE_SIGN_STYLE = Automatic;
				DEVELOPMENT_TEAM = RDFG6WTHF7;
				INFOPLIST_FILE = HealthyTracker/Resources/Info.plist;
				LD_RUNPATH_SEARCH_PATHS = (
					"$(inherited)",
					"@executable_path/Frameworks",
				);
				PRODUCT_BUNDLE_IDENTIFIER = vccorp.HealthyTracker;
				PRODUCT_NAME = "$(TARGET_NAME)";
				SWIFT_VERSION = 5.0;
				TARGETED_DEVICE_FAMILY = "1,2";
			};
			name = Debug;
		};
		7340C82A28584571008CC1B4 /* Release */ = {
			isa = XCBuildConfiguration;
			baseConfigurationReference = 69387EBB3ED9D4FC16B7B2F4 /* Pods-HealthyTracker.release.xcconfig */;
			buildSettings = {
				ASSETCATALOG_COMPILER_APPICON_NAME = AppIcon;
				ASSETCATALOG_COMPILER_GLOBAL_ACCENT_COLOR_NAME = AccentColor;
				CODE_SIGN_STYLE = Automatic;
				DEVELOPMENT_TEAM = RDFG6WTHF7;
				INFOPLIST_FILE = HealthyTracker/Resources/Info.plist;
				LD_RUNPATH_SEARCH_PATHS = (
					"$(inherited)",
					"@executable_path/Frameworks",
				);
				PRODUCT_BUNDLE_IDENTIFIER = vccorp.HealthyTracker;
				PRODUCT_NAME = "$(TARGET_NAME)";
				SWIFT_VERSION = 5.0;
				TARGETED_DEVICE_FAMILY = "1,2";
			};
			name = Release;
		};
		7340C82C28584571008CC1B4 /* Debug */ = {
			isa = XCBuildConfiguration;
			buildSettings = {
				ALWAYS_EMBED_SWIFT_STANDARD_LIBRARIES = YES;
				BUNDLE_LOADER = "$(TEST_HOST)";
				CODE_SIGN_STYLE = Automatic;
				DEVELOPMENT_TEAM = RDFG6WTHF7;
				INFOPLIST_FILE = HealthyTrackerTests/Info.plist;
				IPHONEOS_DEPLOYMENT_TARGET = 14.5;
				LD_RUNPATH_SEARCH_PATHS = (
					"$(inherited)",
					"@executable_path/Frameworks",
					"@loader_path/Frameworks",
				);
				PRODUCT_BUNDLE_IDENTIFIER = vccorp.HealthyTrackerTests;
				PRODUCT_NAME = "$(TARGET_NAME)";
				SWIFT_VERSION = 5.0;
				TARGETED_DEVICE_FAMILY = "1,2";
				TEST_HOST = "$(BUILT_PRODUCTS_DIR)/HealthyTracker.app/HealthyTracker";
			};
			name = Debug;
		};
		7340C82D28584571008CC1B4 /* Release */ = {
			isa = XCBuildConfiguration;
			buildSettings = {
				ALWAYS_EMBED_SWIFT_STANDARD_LIBRARIES = YES;
				BUNDLE_LOADER = "$(TEST_HOST)";
				CODE_SIGN_STYLE = Automatic;
				DEVELOPMENT_TEAM = RDFG6WTHF7;
				INFOPLIST_FILE = HealthyTrackerTests/Info.plist;
				IPHONEOS_DEPLOYMENT_TARGET = 14.5;
				LD_RUNPATH_SEARCH_PATHS = (
					"$(inherited)",
					"@executable_path/Frameworks",
					"@loader_path/Frameworks",
				);
				PRODUCT_BUNDLE_IDENTIFIER = vccorp.HealthyTrackerTests;
				PRODUCT_NAME = "$(TARGET_NAME)";
				SWIFT_VERSION = 5.0;
				TARGETED_DEVICE_FAMILY = "1,2";
				TEST_HOST = "$(BUILT_PRODUCTS_DIR)/HealthyTracker.app/HealthyTracker";
			};
			name = Release;
		};
		7340C82F28584571008CC1B4 /* Debug */ = {
			isa = XCBuildConfiguration;
			buildSettings = {
				ALWAYS_EMBED_SWIFT_STANDARD_LIBRARIES = YES;
				CODE_SIGN_STYLE = Automatic;
				DEVELOPMENT_TEAM = RDFG6WTHF7;
				INFOPLIST_FILE = HealthyTrackerUITests/Info.plist;
				LD_RUNPATH_SEARCH_PATHS = (
					"$(inherited)",
					"@executable_path/Frameworks",
					"@loader_path/Frameworks",
				);
				PRODUCT_BUNDLE_IDENTIFIER = vccorp.HealthyTrackerUITests;
				PRODUCT_NAME = "$(TARGET_NAME)";
				SWIFT_VERSION = 5.0;
				TARGETED_DEVICE_FAMILY = "1,2";
				TEST_TARGET_NAME = HealthyTracker;
			};
			name = Debug;
		};
		7340C83028584571008CC1B4 /* Release */ = {
			isa = XCBuildConfiguration;
			buildSettings = {
				ALWAYS_EMBED_SWIFT_STANDARD_LIBRARIES = YES;
				CODE_SIGN_STYLE = Automatic;
				DEVELOPMENT_TEAM = RDFG6WTHF7;
				INFOPLIST_FILE = HealthyTrackerUITests/Info.plist;
				LD_RUNPATH_SEARCH_PATHS = (
					"$(inherited)",
					"@executable_path/Frameworks",
					"@loader_path/Frameworks",
				);
				PRODUCT_BUNDLE_IDENTIFIER = vccorp.HealthyTrackerUITests;
				PRODUCT_NAME = "$(TARGET_NAME)";
				SWIFT_VERSION = 5.0;
				TARGETED_DEVICE_FAMILY = "1,2";
				TEST_TARGET_NAME = HealthyTracker;
			};
			name = Release;
		};
/* End XCBuildConfiguration section */

/* Begin XCConfigurationList section */
		7340C7F928584570008CC1B4 /* Build configuration list for PBXProject "HealthyTracker" */ = {
			isa = XCConfigurationList;
			buildConfigurations = (
				7340C82628584571008CC1B4 /* Debug */,
				7340C82728584571008CC1B4 /* Release */,
			);
			defaultConfigurationIsVisible = 0;
			defaultConfigurationName = Release;
		};
		7340C82828584571008CC1B4 /* Build configuration list for PBXNativeTarget "HealthyTracker" */ = {
			isa = XCConfigurationList;
			buildConfigurations = (
				7340C82928584571008CC1B4 /* Debug */,
				7340C82A28584571008CC1B4 /* Release */,
			);
			defaultConfigurationIsVisible = 0;
			defaultConfigurationName = Release;
		};
		7340C82B28584571008CC1B4 /* Build configuration list for PBXNativeTarget "HealthyTrackerTests" */ = {
			isa = XCConfigurationList;
			buildConfigurations = (
				7340C82C28584571008CC1B4 /* Debug */,
				7340C82D28584571008CC1B4 /* Release */,
			);
			defaultConfigurationIsVisible = 0;
			defaultConfigurationName = Release;
		};
		7340C82E28584571008CC1B4 /* Build configuration list for PBXNativeTarget "HealthyTrackerUITests" */ = {
			isa = XCConfigurationList;
			buildConfigurations = (
				7340C82F28584571008CC1B4 /* Debug */,
				7340C83028584571008CC1B4 /* Release */,
			);
			defaultConfigurationIsVisible = 0;
			defaultConfigurationName = Release;
		};
/* End XCConfigurationList section */
	};
	rootObject = 7340C7F628584570008CC1B4 /* Project object */;
}
